// !$*UTF8*$!
{
	archiveVersion = 1;
	classes = {
	};
	objectVersion = 56;
	objects = {

/* Begin PBXBuildFile section */
		666B5AB028F2F5C100FFF311 /* FormShiftUIApp.swift in Sources */ = {isa = PBXBuildFile; fileRef = 666B5AAF28F2F5C100FFF311 /* FormShiftUIApp.swift */; };
		666B5AB228F2F5C100FFF311 /* ContentView.swift in Sources */ = {isa = PBXBuildFile; fileRef = 666B5AB128F2F5C100FFF311 /* ContentView.swift */; };
		666B5AB428F2F5C200FFF311 /* Assets.xcassets in Resources */ = {isa = PBXBuildFile; fileRef = 666B5AB328F2F5C200FFF311 /* Assets.xcassets */; };
		666B5AB728F2F5C200FFF311 /* Preview Assets.xcassets in Resources */ = {isa = PBXBuildFile; fileRef = 666B5AB628F2F5C200FFF311 /* Preview Assets.xcassets */; };
		666B5AC128F2F5C300FFF311 /* FormShiftUITests.swift in Sources */ = {isa = PBXBuildFile; fileRef = 666B5AC028F2F5C300FFF311 /* FormShiftUITests.swift */; };
		666B5ACB28F2F5C300FFF311 /* FormShiftUIUITests.swift in Sources */ = {isa = PBXBuildFile; fileRef = 666B5ACA28F2F5C300FFF311 /* FormShiftUIUITests.swift */; };
		666B5ACD28F2F5C300FFF311 /* FormShiftUIUITestsLaunchTests.swift in Sources */ = {isa = PBXBuildFile; fileRef = 666B5ACC28F2F5C300FFF311 /* FormShiftUIUITestsLaunchTests.swift */; };
/* End PBXBuildFile section */

/* Begin PBXContainerItemProxy section */
		666B5ABD28F2F5C300FFF311 /* PBXContainerItemProxy */ = {
			isa = PBXContainerItemProxy;
			containerPortal = 666B5AA428F2F5C100FFF311 /* Project object */;
			proxyType = 1;
			remoteGlobalIDString = 666B5AAB28F2F5C100FFF311;
			remoteInfo = FormShiftUI;
		};
		666B5AC728F2F5C300FFF311 /* PBXContainerItemProxy */ = {
			isa = PBXContainerItemProxy;
			containerPortal = 666B5AA428F2F5C100FFF311 /* Project object */;
			proxyType = 1;
			remoteGlobalIDString = 666B5AAB28F2F5C100FFF311;
			remoteInfo = FormShiftUI;
		};
/* End PBXContainerItemProxy section */

/* Begin PBXFileReference section */
		666B5AAC28F2F5C100FFF311 /* FormShiftUI.app */ = {isa = PBXFileReference; explicitFileType = wrapper.application; includeInIndex = 0; path = FormShiftUI.app; sourceTree = BUILT_PRODUCTS_DIR; };
		666B5AAF28F2F5C100FFF311 /* FormShiftUIApp.swift */ = {isa = PBXFileReference; lastKnownFileType = sourcecode.swift; path = FormShiftUIApp.swift; sourceTree = "<group>"; };
		666B5AB128F2F5C100FFF311 /* ContentView.swift */ = {isa = PBXFileReference; lastKnownFileType = sourcecode.swift; path = ContentView.swift; sourceTree = "<group>"; };
		666B5AB328F2F5C200FFF311 /* Assets.xcassets */ = {isa = PBXFileReference; lastKnownFileType = folder.assetcatalog; path = Assets.xcassets; sourceTree = "<group>"; };
		666B5AB628F2F5C200FFF311 /* Preview Assets.xcassets */ = {isa = PBXFileReference; lastKnownFileType = folder.assetcatalog; path = "Preview Assets.xcassets"; sourceTree = "<group>"; };
		666B5ABC28F2F5C300FFF311 /* FormShiftUITests.xctest */ = {isa = PBXFileReference; explicitFileType = wrapper.cfbundle; includeInIndex = 0; path = FormShiftUITests.xctest; sourceTree = BUILT_PRODUCTS_DIR; };
		666B5AC028F2F5C300FFF311 /* FormShiftUITests.swift */ = {isa = PBXFileReference; lastKnownFileType = sourcecode.swift; path = FormShiftUITests.swift; sourceTree = "<group>"; };
		666B5AC628F2F5C300FFF311 /* FormShiftUIUITests.xctest */ = {isa = PBXFileReference; explicitFileType = wrapper.cfbundle; includeInIndex = 0; path = FormShiftUIUITests.xctest; sourceTree = BUILT_PRODUCTS_DIR; };
		666B5ACA28F2F5C300FFF311 /* FormShiftUIUITests.swift */ = {isa = PBXFileReference; lastKnownFileType = sourcecode.swift; path = FormShiftUIUITests.swift; sourceTree = "<group>"; };
		666B5ACC28F2F5C300FFF311 /* FormShiftUIUITestsLaunchTests.swift */ = {isa = PBXFileReference; lastKnownFileType = sourcecode.swift; path = FormShiftUIUITestsLaunchTests.swift; sourceTree = "<group>"; };
/* End PBXFileReference section */

/* Begin PBXFrameworksBuildPhase section */
		666B5AA928F2F5C100FFF311 /* Frameworks */ = {
			isa = PBXFrameworksBuildPhase;
			buildActionMask = 2147483647;
			files = (
			);
			runOnlyForDeploymentPostprocessing = 0;
		};
		666B5AB928F2F5C300FFF311 /* Frameworks */ = {
			isa = PBXFrameworksBuildPhase;
			buildActionMask = 2147483647;
			files = (
			);
			runOnlyForDeploymentPostprocessing = 0;
		};
		666B5AC328F2F5C300FFF311 /* Frameworks */ = {
			isa = PBXFrameworksBuildPhase;
			buildActionMask = 2147483647;
			files = (
			);
			runOnlyForDeploymentPostprocessing = 0;
		};
/* End PBXFrameworksBuildPhase section */

/* Begin PBXGroup section */
		666B5AA328F2F5C100FFF311 = {
			isa = PBXGroup;
			children = (
				666B5AAE28F2F5C100FFF311 /* FormShiftUI */,
				666B5ABF28F2F5C300FFF311 /* FormShiftUITests */,
				666B5AC928F2F5C300FFF311 /* FormShiftUIUITests */,
				666B5AAD28F2F5C100FFF311 /* Products */,
			);
			sourceTree = "<group>";
		};
		666B5AAD28F2F5C100FFF311 /* Products */ = {
			isa = PBXGroup;
			children = (
				666B5AAC28F2F5C100FFF311 /* FormShiftUI.app */,
				666B5ABC28F2F5C300FFF311 /* FormShiftUITests.xctest */,
				666B5AC628F2F5C300FFF311 /* FormShiftUIUITests.xctest */,
			);
			name = Products;
			sourceTree = "<group>";
		};
		666B5AAE28F2F5C100FFF311 /* FormShiftUI */ = {
			isa = PBXGroup;
			children = (
				666B5AAF28F2F5C100FFF311 /* FormShiftUIApp.swift */,
				666B5AB128F2F5C100FFF311 /* ContentView.swift */,
				666B5AB328F2F5C200FFF311 /* Assets.xcassets */,
				666B5AB528F2F5C200FFF311 /* Preview Content */,
			);
			path = FormShiftUI;
			sourceTree = "<group>";
		};
		666B5AB528F2F5C200FFF311 /* Preview Content */ = {
			isa = PBXGroup;
			children = (
				666B5AB628F2F5C200FFF311 /* Preview Assets.xcassets */,
			);
			path = "Preview Content";
			sourceTree = "<group>";
		};
		666B5ABF28F2F5C300FFF311 /* FormShiftUITests */ = {
			isa = PBXGroup;
			children = (
				666B5AC028F2F5C300FFF311 /* FormShiftUITests.swift */,
			);
			path = FormShiftUITests;
			sourceTree = "<group>";
		};
		666B5AC928F2F5C300FFF311 /* FormShiftUIUITests */ = {
			isa = PBXGroup;
			children = (
				666B5ACA28F2F5C300FFF311 /* FormShiftUIUITests.swift */,
				666B5ACC28F2F5C300FFF311 /* FormShiftUIUITestsLaunchTests.swift */,
			);
			path = FormShiftUIUITests;
			sourceTree = "<group>";
		};
/* End PBXGroup section */

/* Begin PBXNativeTarget section */
		666B5AAB28F2F5C100FFF311 /* FormShiftUI */ = {
			isa = PBXNativeTarget;
			buildConfigurationList = 666B5AD028F2F5C300FFF311 /* Build configuration list for PBXNativeTarget "FormShiftUI" */;
			buildPhases = (
				666B5AA828F2F5C100FFF311 /* Sources */,
				666B5AA928F2F5C100FFF311 /* Frameworks */,
				666B5AAA28F2F5C100FFF311 /* Resources */,
			);
			buildRules = (
			);
			dependencies = (
			);
			name = FormShiftUI;
			productName = FormShiftUI;
			productReference = 666B5AAC28F2F5C100FFF311 /* FormShiftUI.app */;
			productType = "com.apple.product-type.application";
		};
		666B5ABB28F2F5C300FFF311 /* FormShiftUITests */ = {
			isa = PBXNativeTarget;
			buildConfigurationList = 666B5AD328F2F5C300FFF311 /* Build configuration list for PBXNativeTarget "FormShiftUITests" */;
			buildPhases = (
				666B5AB828F2F5C300FFF311 /* Sources */,
				666B5AB928F2F5C300FFF311 /* Frameworks */,
				666B5ABA28F2F5C300FFF311 /* Resources */,
			);
			buildRules = (
			);
			dependencies = (
				666B5ABE28F2F5C300FFF311 /* PBXTargetDependency */,
			);
			name = FormShiftUITests;
			productName = FormShiftUITests;
			productReference = 666B5ABC28F2F5C300FFF311 /* FormShiftUITests.xctest */;
			productType = "com.apple.product-type.bundle.unit-test";
		};
		666B5AC528F2F5C300FFF311 /* FormShiftUIUITests */ = {
			isa = PBXNativeTarget;
			buildConfigurationList = 666B5AD628F2F5C300FFF311 /* Build configuration list for PBXNativeTarget "FormShiftUIUITests" */;
			buildPhases = (
				666B5AC228F2F5C300FFF311 /* Sources */,
				666B5AC328F2F5C300FFF311 /* Frameworks */,
				666B5AC428F2F5C300FFF311 /* Resources */,
			);
			buildRules = (
			);
			dependencies = (
				666B5AC828F2F5C300FFF311 /* PBXTargetDependency */,
			);
			name = FormShiftUIUITests;
			productName = FormShiftUIUITests;
			productReference = 666B5AC628F2F5C300FFF311 /* FormShiftUIUITests.xctest */;
			productType = "com.apple.product-type.bundle.ui-testing";
		};
/* End PBXNativeTarget section */

/* Begin PBXProject section */
		666B5AA428F2F5C100FFF311 /* Project object */ = {
			isa = PBXProject;
			attributes = {
				BuildIndependentTargetsInParallel = 1;
				LastSwiftUpdateCheck = 1400;
				LastUpgradeCheck = 1400;
				TargetAttributes = {
					666B5AAB28F2F5C100FFF311 = {
						CreatedOnToolsVersion = 14.0.1;
					};
					666B5ABB28F2F5C300FFF311 = {
						CreatedOnToolsVersion = 14.0.1;
						TestTargetID = 666B5AAB28F2F5C100FFF311;
					};
					666B5AC528F2F5C300FFF311 = {
						CreatedOnToolsVersion = 14.0.1;
						TestTargetID = 666B5AAB28F2F5C100FFF311;
					};
				};
			};
			buildConfigurationList = 666B5AA728F2F5C100FFF311 /* Build configuration list for PBXProject "FormShiftUI" */;
			compatibilityVersion = "Xcode 14.0";
			developmentRegion = en;
			hasScannedForEncodings = 0;
			knownRegions = (
				en,
				Base,
			);
			mainGroup = 666B5AA328F2F5C100FFF311;
			productRefGroup = 666B5AAD28F2F5C100FFF311 /* Products */;
			projectDirPath = "";
			projectRoot = "";
			targets = (
				666B5AAB28F2F5C100FFF311 /* FormShiftUI */,
				666B5ABB28F2F5C300FFF311 /* FormShiftUITests */,
				666B5AC528F2F5C300FFF311 /* FormShiftUIUITests */,
			);
		};
/* End PBXProject section */

/* Begin PBXResourcesBuildPhase section */
		666B5AAA28F2F5C100FFF311 /* Resources */ = {
			isa = PBXResourcesBuildPhase;
			buildActionMask = 2147483647;
			files = (
				666B5AB728F2F5C200FFF311 /* Preview Assets.xcassets in Resources */,
				666B5AB428F2F5C200FFF311 /* Assets.xcassets in Resources */,
			);
			runOnlyForDeploymentPostprocessing = 0;
		};
		666B5ABA28F2F5C300FFF311 /* Resources */ = {
			isa = PBXResourcesBuildPhase;
			buildActionMask = 2147483647;
			files = (
			);
			runOnlyForDeploymentPostprocessing = 0;
		};
		666B5AC428F2F5C300FFF311 /* Resources */ = {
			isa = PBXResourcesBuildPhase;
			buildActionMask = 2147483647;
			files = (
			);
			runOnlyForDeploymentPostprocessing = 0;
		};
/* End PBXResourcesBuildPhase section */

/* Begin PBXSourcesBuildPhase section */
		666B5AA828F2F5C100FFF311 /* Sources */ = {
			isa = PBXSourcesBuildPhase;
			buildActionMask = 2147483647;
			files = (
				666B5AB228F2F5C100FFF311 /* ContentView.swift in Sources */,
				666B5AB028F2F5C100FFF311 /* FormShiftUIApp.swift in Sources */,
			);
			runOnlyForDeploymentPostprocessing = 0;
		};
		666B5AB828F2F5C300FFF311 /* Sources */ = {
			isa = PBXSourcesBuildPhase;
			buildActionMask = 2147483647;
			files = (
				666B5AC128F2F5C300FFF311 /* FormShiftUITests.swift in Sources */,
			);
			runOnlyForDeploymentPostprocessing = 0;
		};
		666B5AC228F2F5C300FFF311 /* Sources */ = {
			isa = PBXSourcesBuildPhase;
			buildActionMask = 2147483647;
			files = (
				666B5ACB28F2F5C300FFF311 /* FormShiftUIUITests.swift in Sources */,
				666B5ACD28F2F5C300FFF311 /* FormShiftUIUITestsLaunchTests.swift in Sources */,
			);
			runOnlyForDeploymentPostprocessing = 0;
		};
/* End PBXSourcesBuildPhase section */

/* Begin PBXTargetDependency section */
		666B5ABE28F2F5C300FFF311 /* PBXTargetDependency */ = {
			isa = PBXTargetDependency;
			target = 666B5AAB28F2F5C100FFF311 /* FormShiftUI */;
			targetProxy = 666B5ABD28F2F5C300FFF311 /* PBXContainerItemProxy */;
		};
		666B5AC828F2F5C300FFF311 /* PBXTargetDependency */ = {
			isa = PBXTargetDependency;
			target = 666B5AAB28F2F5C100FFF311 /* FormShiftUI */;
			targetProxy = 666B5AC728F2F5C300FFF311 /* PBXContainerItemProxy */;
		};
/* End PBXTargetDependency section */

/* Begin XCBuildConfiguration section */
		666B5ACE28F2F5C300FFF311 /* Debug */ = {
			isa = XCBuildConfiguration;
			buildSettings = {
				ALWAYS_SEARCH_USER_PATHS = NO;
				CLANG_ANALYZER_NONNULL = YES;
				CLANG_ANALYZER_NUMBER_OBJECT_CONVERSION = YES_AGGRESSIVE;
				CLANG_CXX_LANGUAGE_STANDARD = "gnu++20";
				CLANG_ENABLE_MODULES = YES;
				CLANG_ENABLE_OBJC_ARC = YES;
				CLANG_ENABLE_OBJC_WEAK = YES;
				CLANG_WARN_BLOCK_CAPTURE_AUTORELEASING = YES;
				CLANG_WARN_BOOL_CONVERSION = YES;
				CLANG_WARN_COMMA = YES;
				CLANG_WARN_CONSTANT_CONVERSION = YES;
				CLANG_WARN_DEPRECATED_OBJC_IMPLEMENTATIONS = YES;
				CLANG_WARN_DIRECT_OBJC_ISA_USAGE = YES_ERROR;
				CLANG_WARN_DOCUMENTATION_COMMENTS = YES;
				CLANG_WARN_EMPTY_BODY = YES;
				CLANG_WARN_ENUM_CONVERSION = YES;
				CLANG_WARN_INFINITE_RECURSION = YES;
				CLANG_WARN_INT_CONVERSION = YES;
				CLANG_WARN_NON_LITERAL_NULL_CONVERSION = YES;
				CLANG_WARN_OBJC_IMPLICIT_RETAIN_SELF = YES;
				CLANG_WARN_OBJC_LITERAL_CONVERSION = YES;
				CLANG_WARN_OBJC_ROOT_CLASS = YES_ERROR;
				CLANG_WARN_QUOTED_INCLUDE_IN_FRAMEWORK_HEADER = YES;
				CLANG_WARN_RANGE_LOOP_ANALYSIS = YES;
				CLANG_WARN_STRICT_PROTOTYPES = YES;
				CLANG_WARN_SUSPICIOUS_MOVE = YES;
				CLANG_WARN_UNGUARDED_AVAILABILITY = YES_AGGRESSIVE;
				CLANG_WARN_UNREACHABLE_CODE = YES;
				CLANG_WARN__DUPLICATE_METHOD_MATCH = YES;
				COPY_PHASE_STRIP = NO;
				DEBUG_INFORMATION_FORMAT = dwarf;
				ENABLE_STRICT_OBJC_MSGSEND = YES;
				ENABLE_TESTABILITY = YES;
				GCC_C_LANGUAGE_STANDARD = gnu11;
				GCC_DYNAMIC_NO_PIC = NO;
				GCC_NO_COMMON_BLOCKS = YES;
				GCC_OPTIMIZATION_LEVEL = 0;
				GCC_PREPROCESSOR_DEFINITIONS = (
					"DEBUG=1",
					"$(inherited)",
				);
				GCC_WARN_64_TO_32_BIT_CONVERSION = YES;
				GCC_WARN_ABOUT_RETURN_TYPE = YES_ERROR;
				GCC_WARN_UNDECLARED_SELECTOR = YES;
				GCC_WARN_UNINITIALIZED_AUTOS = YES_AGGRESSIVE;
				GCC_WARN_UNUSED_FUNCTION = YES;
				GCC_WARN_UNUSED_VARIABLE = YES;
				IPHONEOS_DEPLOYMENT_TARGET = 16.0;
				MTL_ENABLE_DEBUG_INFO = INCLUDE_SOURCE;
				MTL_FAST_MATH = YES;
				ONLY_ACTIVE_ARCH = YES;
				SDKROOT = iphoneos;
				SWIFT_ACTIVE_COMPILATION_CONDITIONS = DEBUG;
				SWIFT_OPTIMIZATION_LEVEL = "-Onone";
			};
			name = Debug;
		};
		666B5ACF28F2F5C300FFF311 /* Release */ = {
			isa = XCBuildConfiguration;
			buildSettings = {
				ALWAYS_SEARCH_USER_PATHS = NO;
				CLANG_ANALYZER_NONNULL = YES;
				CLANG_ANALYZER_NUMBER_OBJECT_CONVERSION = YES_AGGRESSIVE;
				CLANG_CXX_LANGUAGE_STANDARD = "gnu++20";
				CLANG_ENABLE_MODULES = YES;
				CLANG_ENABLE_OBJC_ARC = YES;
				CLANG_ENABLE_OBJC_WEAK = YES;
				CLANG_WARN_BLOCK_CAPTURE_AUTORELEASING = YES;
				CLANG_WARN_BOOL_CONVERSION = YES;
				CLANG_WARN_COMMA = YES;
				CLANG_WARN_CONSTANT_CONVERSION = YES;
				CLANG_WARN_DEPRECATED_OBJC_IMPLEMENTATIONS = YES;
				CLANG_WARN_DIRECT_OBJC_ISA_USAGE = YES_ERROR;
				CLANG_WARN_DOCUMENTATION_COMMENTS = YES;
				CLANG_WARN_EMPTY_BODY = YES;
				CLANG_WARN_ENUM_CONVERSION = YES;
				CLANG_WARN_INFINITE_RECURSION = YES;
				CLANG_WARN_INT_CONVERSION = YES;
				CLANG_WARN_NON_LITERAL_NULL_CONVERSION = YES;
				CLANG_WARN_OBJC_IMPLICIT_RETAIN_SELF = YES;
				CLANG_WARN_OBJC_LITERAL_CONVERSION = YES;
				CLANG_WARN_OBJC_ROOT_CLASS = YES_ERROR;
				CLANG_WARN_QUOTED_INCLUDE_IN_FRAMEWORK_HEADER = YES;
				CLANG_WARN_RANGE_LOOP_ANALYSIS = YES;
				CLANG_WARN_STRICT_PROTOTYPES = YES;
				CLANG_WARN_SUSPICIOUS_MOVE = YES;
				CLANG_WARN_UNGUARDED_AVAILABILITY = YES_AGGRESSIVE;
				CLANG_WARN_UNREACHABLE_CODE = YES;
				CLANG_WARN__DUPLICATE_METHOD_MATCH = YES;
				COPY_PHASE_STRIP = NO;
				DEBUG_INFORMATION_FORMAT = "dwarf-with-dsym";
				ENABLE_NS_ASSERTIONS = NO;
				ENABLE_STRICT_OBJC_MSGSEND = YES;
				GCC_C_LANGUAGE_STANDARD = gnu11;
				GCC_NO_COMMON_BLOCKS = YES;
				GCC_WARN_64_TO_32_BIT_CONVERSION = YES;
				GCC_WARN_ABOUT_RETURN_TYPE = YES_ERROR;
				GCC_WARN_UNDECLARED_SELECTOR = YES;
				GCC_WARN_UNINITIALIZED_AUTOS = YES_AGGRESSIVE;
				GCC_WARN_UNUSED_FUNCTION = YES;
				GCC_WARN_UNUSED_VARIABLE = YES;
				IPHONEOS_DEPLOYMENT_TARGET = 16.0;
				MTL_ENABLE_DEBUG_INFO = NO;
				MTL_FAST_MATH = YES;
				SDKROOT = iphoneos;
				SWIFT_COMPILATION_MODE = wholemodule;
				SWIFT_OPTIMIZATION_LEVEL = "-O";
				VALIDATE_PRODUCT = YES;
			};
			name = Release;
		};
		666B5AD128F2F5C300FFF311 /* Debug */ = {
			isa = XCBuildConfiguration;
			buildSettings = {
				ASSETCATALOG_COMPILER_APPICON_NAME = AppIcon;
				ASSETCATALOG_COMPILER_GLOBAL_ACCENT_COLOR_NAME = AccentColor;
				CODE_SIGN_STYLE = Automatic;
				CURRENT_PROJECT_VERSION = 1;
				DEVELOPMENT_ASSET_PATHS = "\"FormShiftUI/Preview Content\"";
				DEVELOPMENT_TEAM = AVMB8F8Z68;
				ENABLE_PREVIEWS = YES;
				GENERATE_INFOPLIST_FILE = YES;
				INFOPLIST_KEY_UIApplicationSceneManifest_Generation = YES;
				INFOPLIST_KEY_UIApplicationSupportsIndirectInputEvents = YES;
				INFOPLIST_KEY_UILaunchScreen_Generation = YES;
				INFOPLIST_KEY_UISupportedInterfaceOrientations_iPad = "UIInterfaceOrientationPortrait UIInterfaceOrientationPortraitUpsideDown UIInterfaceOrientationLandscapeLeft UIInterfaceOrientationLandscapeRight";
				INFOPLIST_KEY_UISupportedInterfaceOrientations_iPhone = "UIInterfaceOrientationPortrait UIInterfaceOrientationLandscapeLeft UIInterfaceOrientationLandscapeRight";
				LD_RUNPATH_SEARCH_PATHS = (
					"$(inherited)",
					"@executable_path/Frameworks",
				);
				MARKETING_VERSION = 1.0;
				PRODUCT_BUNDLE_IDENTIFIER = Nap.FormShiftUI;
				PRODUCT_NAME = "$(TARGET_NAME)";
				SWIFT_EMIT_LOC_STRINGS = YES;
				SWIFT_VERSION = 5.0;
				TARGETED_DEVICE_FAMILY = "1,2";
			};
			name = Debug;
		};
		666B5AD228F2F5C300FFF311 /* Release */ = {
			isa = XCBuildConfiguration;
			buildSettings = {
				ASSETCATALOG_COMPILER_APPICON_NAME = AppIcon;
				ASSETCATALOG_COMPILER_GLOBAL_ACCENT_COLOR_NAME = AccentColor;
				CODE_SIGN_STYLE = Automatic;
				CURRENT_PROJECT_VERSION = 1;
				DEVELOPMENT_ASSET_PATHS = "\"FormShiftUI/Preview Content\"";
				DEVELOPMENT_TEAM = AVMB8F8Z68;
				ENABLE_PREVIEWS = YES;
				GENERATE_INFOPLIST_FILE = YES;
				INFOPLIST_KEY_UIApplicationSceneManifest_Generation = YES;
				INFOPLIST_KEY_UIApplicationSupportsIndirectInputEvents = YES;
				INFOPLIST_KEY_UILaunchScreen_Generation = YES;
				INFOPLIST_KEY_UISupportedInterfaceOrientations_iPad = "UIInterfaceOrientationPortrait UIInterfaceOrientationPortraitUpsideDown UIInterfaceOrientationLandscapeLeft UIInterfaceOrientationLandscapeRight";
				INFOPLIST_KEY_UISupportedInterfaceOrientations_iPhone = "UIInterfaceOrientationPortrait UIInterfaceOrientationLandscapeLeft UIInterfaceOrientationLandscapeRight";
				LD_RUNPATH_SEARCH_PATHS = (
					"$(inherited)",
					"@executable_path/Frameworks",
				);
				MARKETING_VERSION = 1.0;
				PRODUCT_BUNDLE_IDENTIFIER = Nap.FormShiftUI;
				PRODUCT_NAME = "$(TARGET_NAME)";
				SWIFT_EMIT_LOC_STRINGS = YES;
				SWIFT_VERSION = 5.0;
				TARGETED_DEVICE_FAMILY = "1,2";
			};
			name = Release;
		};
		666B5AD428F2F5C300FFF311 /* Debug */ = {
			isa = XCBuildConfiguration;
			buildSettings = {
				ALWAYS_EMBED_SWIFT_STANDARD_LIBRARIES = YES;
				BUNDLE_LOADER = "$(TEST_HOST)";
				CODE_SIGN_STYLE = Automatic;
				CURRENT_PROJECT_VERSION = 1;
				DEVELOPMENT_TEAM = AVMB8F8Z68;
				GENERATE_INFOPLIST_FILE = YES;
				IPHONEOS_DEPLOYMENT_TARGET = 16.0;
				MARKETING_VERSION = 1.0;
				PRODUCT_BUNDLE_IDENTIFIER = Nap.FormShiftUITests;
				PRODUCT_NAME = "$(TARGET_NAME)";
				SWIFT_EMIT_LOC_STRINGS = NO;
				SWIFT_VERSION = 5.0;
				TARGETED_DEVICE_FAMILY = "1,2";
				TEST_HOST = "$(BUILT_PRODUCTS_DIR)/FormShiftUI.app/$(BUNDLE_EXECUTABLE_FOLDER_PATH)/FormShiftUI";
			};
			name = Debug;
		};
		666B5AD528F2F5C300FFF311 /* Release */ = {
			isa = XCBuildConfiguration;
			buildSettings = {
				ALWAYS_EMBED_SWIFT_STANDARD_LIBRARIES = YES;
				BUNDLE_LOADER = "$(TEST_HOST)";
				CODE_SIGN_STYLE = Automatic;
				CURRENT_PROJECT_VERSION = 1;
				DEVELOPMENT_TEAM = AVMB8F8Z68;
				GENERATE_INFOPLIST_FILE = YES;
				IPHONEOS_DEPLOYMENT_TARGET = 16.0;
				MARKETING_VERSION = 1.0;
				PRODUCT_BUNDLE_IDENTIFIER = Nap.FormShiftUITests;
				PRODUCT_NAME = "$(TARGET_NAME)";
				SWIFT_EMIT_LOC_STRINGS = NO;
				SWIFT_VERSION = 5.0;
				TARGETED_DEVICE_FAMILY = "1,2";
				TEST_HOST = "$(BUILT_PRODUCTS_DIR)/FormShiftUI.app/$(BUNDLE_EXECUTABLE_FOLDER_PATH)/FormShiftUI";
			};
			name = Release;
		};
		666B5AD728F2F5C300FFF311 /* Debug */ = {
			isa = XCBuildConfiguration;
			buildSettings = {
				ALWAYS_EMBED_SWIFT_STANDARD_LIBRARIES = YES;
				CODE_SIGN_STYLE = Automatic;
				CURRENT_PROJECT_VERSION = 1;
				DEVELOPMENT_TEAM = AVMB8F8Z68;
				GENERATE_INFOPLIST_FILE = YES;
				MARKETING_VERSION = 1.0;
				PRODUCT_BUNDLE_IDENTIFIER = Nap.FormShiftUIUITests;
				PRODUCT_NAME = "$(TARGET_NAME)";
				SWIFT_EMIT_LOC_STRINGS = NO;
				SWIFT_VERSION = 5.0;
				TARGETED_DEVICE_FAMILY = "1,2";
				TEST_TARGET_NAME = FormShiftUI;
			};
			name = Debug;
		};
		666B5AD828F2F5C300FFF311 /* Release */ = {
			isa = XCBuildConfiguration;
			buildSettings = {
				ALWAYS_EMBED_SWIFT_STANDARD_LIBRARIES = YES;
				CODE_SIGN_STYLE = Automatic;
				CURRENT_PROJECT_VERSION = 1;
				DEVELOPMENT_TEAM = AVMB8F8Z68;
				GENERATE_INFOPLIST_FILE = YES;
				MARKETING_VERSION = 1.0;
				PRODUCT_BUNDLE_IDENTIFIER = Nap.FormShiftUIUITests;
				PRODUCT_NAME = "$(TARGET_NAME)";
				SWIFT_EMIT_LOC_STRINGS = NO;
				SWIFT_VERSION = 5.0;
				TARGETED_DEVICE_FAMILY = "1,2";
				TEST_TARGET_NAME = FormShiftUI;
			};
			name = Release;
		};
/* End XCBuildConfiguration section */

/* Begin XCConfigurationList section */
		666B5AA728F2F5C100FFF311 /* Build configuration list for PBXProject "FormShiftUI" */ = {
			isa = XCConfigurationList;
			buildConfigurations = (
				666B5ACE28F2F5C300FFF311 /* Debug */,
				666B5ACF28F2F5C300FFF311 /* Release */,
			);
			defaultConfigurationIsVisible = 0;
			defaultConfigurationName = Release;
		};
		666B5AD028F2F5C300FFF311 /* Build configuration list for PBXNativeTarget "FormShiftUI" */ = {
			isa = XCConfigurationList;
			buildConfigurations = (
				666B5AD128F2F5C300FFF311 /* Debug */,
				666B5AD228F2F5C300FFF311 /* Release */,
			);
			defaultConfigurationIsVisible = 0;
			defaultConfigurationName = Release;
		};
		666B5AD328F2F5C300FFF311 /* Build configuration list for PBXNativeTarget "FormShiftUITests" */ = {
			isa = XCConfigurationList;
			buildConfigurations = (
				666B5AD428F2F5C300FFF311 /* Debug */,
				666B5AD528F2F5C300FFF311 /* Release */,
			);
			defaultConfigurationIsVisible = 0;
			defaultConfigurationName = Release;
		};
		666B5AD628F2F5C300FFF311 /* Build configuration list for PBXNativeTarget "FormShiftUIUITests" */ = {
			isa = XCConfigurationList;
			buildConfigurations = (
				666B5AD728F2F5C300FFF311 /* Debug */,
				666B5AD828F2F5C300FFF311 /* Release */,
			);
			defaultConfigurationIsVisible = 0;
			defaultConfigurationName = Release;
		};
/* End XCConfigurationList section */
	};
	rootObject = 666B5AA428F2F5C100FFF311 /* Project object */;
}
