// !$*UTF8*$!
{
	archiveVersion = 1;
	classes = {
	};
	objectVersion = 56;
	objects = {

/* Begin PBXBuildFile section */
		6677C0E328EFFA530076F770 /* Menu.swift in Sources */ = {isa = PBXBuildFile; fileRef = 6677C0E228EFFA530076F770 /* Menu.swift */; };
		6677C0E528EFFC190076F770 /* ModelData.swift in Sources */ = {isa = PBXBuildFile; fileRef = 6677C0E428EFFC190076F770 /* ModelData.swift */; };
		667A9E2A28EFC5E80004A307 /* LandmarksApp.swift in Sources */ = {isa = PBXBuildFile; fileRef = 667A9E2928EFC5E80004A307 /* LandmarksApp.swift */; };
		667A9E2C28EFC5E80004A307 /* ContentView.swift in Sources */ = {isa = PBXBuildFile; fileRef = 667A9E2B28EFC5E80004A307 /* ContentView.swift */; };
		667A9E2E28EFC5E90004A307 /* Assets.xcassets in Resources */ = {isa = PBXBuildFile; fileRef = 667A9E2D28EFC5E90004A307 /* Assets.xcassets */; };
		667A9E3128EFC5E90004A307 /* Preview Assets.xcassets in Resources */ = {isa = PBXBuildFile; fileRef = 667A9E3028EFC5E90004A307 /* Preview Assets.xcassets */; };
		667A9E3B28EFC5E90004A307 /* LandmarksTests.swift in Sources */ = {isa = PBXBuildFile; fileRef = 667A9E3A28EFC5E90004A307 /* LandmarksTests.swift */; };
		667A9E4528EFC5E90004A307 /* LandmarksUITests.swift in Sources */ = {isa = PBXBuildFile; fileRef = 667A9E4428EFC5E90004A307 /* LandmarksUITests.swift */; };
		667A9E4728EFC5E90004A307 /* LandmarksUITestsLaunchTests.swift in Sources */ = {isa = PBXBuildFile; fileRef = 667A9E4628EFC5E90004A307 /* LandmarksUITestsLaunchTests.swift */; };
		667A9E5628EFCD4A0004A307 /* SiAppView.swift in Sources */ = {isa = PBXBuildFile; fileRef = 667A9E5528EFCD4A0004A307 /* SiAppView.swift */; };
		667A9E5828EFD3800004A307 /* MapView.swift in Sources */ = {isa = PBXBuildFile; fileRef = 667A9E5728EFD3800004A307 /* MapView.swift */; };
/* End PBXBuildFile section */

/* Begin PBXContainerItemProxy section */
		667A9E3728EFC5E90004A307 /* PBXContainerItemProxy */ = {
			isa = PBXContainerItemProxy;
			containerPortal = 667A9E1E28EFC5E80004A307 /* Project object */;
			proxyType = 1;
			remoteGlobalIDString = 667A9E2528EFC5E80004A307;
			remoteInfo = Landmarks;
		};
		667A9E4128EFC5E90004A307 /* PBXContainerItemProxy */ = {
			isa = PBXContainerItemProxy;
			containerPortal = 667A9E1E28EFC5E80004A307 /* Project object */;
			proxyType = 1;
			remoteGlobalIDString = 667A9E2528EFC5E80004A307;
			remoteInfo = Landmarks;
		};
/* End PBXContainerItemProxy section */

/* Begin PBXFileReference section */
		6677C0E228EFFA530076F770 /* Menu.swift */ = {isa = PBXFileReference; lastKnownFileType = sourcecode.swift; name = Menu.swift; path = ../Views/Landmarks/Menu.swift; sourceTree = "<group>"; };
		6677C0E428EFFC190076F770 /* ModelData.swift */ = {isa = PBXFileReference; lastKnownFileType = sourcecode.swift; name = ModelData.swift; path = ../Views/Landmarks/ModelData.swift; sourceTree = "<group>"; };
		667A9E2628EFC5E80004A307 /* Landmarks.app */ = {isa = PBXFileReference; explicitFileType = wrapper.application; includeInIndex = 0; path = Landmarks.app; sourceTree = BUILT_PRODUCTS_DIR; };
		667A9E2928EFC5E80004A307 /* LandmarksApp.swift */ = {isa = PBXFileReference; lastKnownFileType = sourcecode.swift; name = LandmarksApp.swift; path = ../Views/Landmarks/LandmarksApp.swift; sourceTree = "<group>"; };
		667A9E2B28EFC5E80004A307 /* ContentView.swift */ = {isa = PBXFileReference; lastKnownFileType = sourcecode.swift; path = ContentView.swift; sourceTree = "<group>"; };
		667A9E2D28EFC5E90004A307 /* Assets.xcassets */ = {isa = PBXFileReference; lastKnownFileType = folder.assetcatalog; name = Assets.xcassets; path = ../Views/Landmarks/Assets.xcassets; sourceTree = "<group>"; };
		667A9E3028EFC5E90004A307 /* Preview Assets.xcassets */ = {isa = PBXFileReference; lastKnownFileType = folder.assetcatalog; path = "Preview Assets.xcassets"; sourceTree = "<group>"; };
		667A9E3628EFC5E90004A307 /* LandmarksTests.xctest */ = {isa = PBXFileReference; explicitFileType = wrapper.cfbundle; includeInIndex = 0; path = LandmarksTests.xctest; sourceTree = BUILT_PRODUCTS_DIR; };
		667A9E3A28EFC5E90004A307 /* LandmarksTests.swift */ = {isa = PBXFileReference; lastKnownFileType = sourcecode.swift; path = LandmarksTests.swift; sourceTree = "<group>"; };
		667A9E4028EFC5E90004A307 /* LandmarksUITests.xctest */ = {isa = PBXFileReference; explicitFileType = wrapper.cfbundle; includeInIndex = 0; path = LandmarksUITests.xctest; sourceTree = BUILT_PRODUCTS_DIR; };
		667A9E4428EFC5E90004A307 /* LandmarksUITests.swift */ = {isa = PBXFileReference; lastKnownFileType = sourcecode.swift; path = LandmarksUITests.swift; sourceTree = "<group>"; };
		667A9E4628EFC5E90004A307 /* LandmarksUITestsLaunchTests.swift */ = {isa = PBXFileReference; lastKnownFileType = sourcecode.swift; path = LandmarksUITestsLaunchTests.swift; sourceTree = "<group>"; };
		667A9E5528EFCD4A0004A307 /* SiAppView.swift */ = {isa = PBXFileReference; lastKnownFileType = sourcecode.swift; name = SiAppView.swift; path = ../Views/Landmarks/SiAppView.swift; sourceTree = "<group>"; };
		667A9E5728EFD3800004A307 /* MapView.swift */ = {isa = PBXFileReference; lastKnownFileType = sourcecode.swift; name = MapView.swift; path = ../Views/Landmarks/MapView.swift; sourceTree = "<group>"; };
/* End PBXFileReference section */

/* Begin PBXFrameworksBuildPhase section */
		667A9E2328EFC5E80004A307 /* Frameworks */ = {
			isa = PBXFrameworksBuildPhase;
			buildActionMask = 2147483647;
			files = (
			);
			runOnlyForDeploymentPostprocessing = 0;
		};
		667A9E3328EFC5E90004A307 /* Frameworks */ = {
			isa = PBXFrameworksBuildPhase;
			buildActionMask = 2147483647;
			files = (
			);
			runOnlyForDeploymentPostprocessing = 0;
		};
		667A9E3D28EFC5E90004A307 /* Frameworks */ = {
			isa = PBXFrameworksBuildPhase;
			buildActionMask = 2147483647;
			files = (
			);
			runOnlyForDeploymentPostprocessing = 0;
		};
/* End PBXFrameworksBuildPhase section */

/* Begin PBXGroup section */
		6677C0E728EFFCBF0076F770 /* Views */ = {
			isa = PBXGroup;
			children = (
				667A9E2B28EFC5E80004A307 /* ContentView.swift */,
			);
			path = Views;
			sourceTree = "<group>";
		};
		667A9E1D28EFC5E80004A307 = {
			isa = PBXGroup;
			children = (
				66D3F12F28EFFD15006FFBB3 /* Landmarks2 */,
				6677C0E728EFFCBF0076F770 /* Views */,
				667A9E3928EFC5E90004A307 /* LandmarksTests */,
				667A9E4328EFC5E90004A307 /* LandmarksUITests */,
				667A9E2728EFC5E80004A307 /* Products */,
			);
			sourceTree = "<group>";
		};
		667A9E2728EFC5E80004A307 /* Products */ = {
			isa = PBXGroup;
			children = (
				667A9E2628EFC5E80004A307 /* Landmarks.app */,
				667A9E3628EFC5E90004A307 /* LandmarksTests.xctest */,
				667A9E4028EFC5E90004A307 /* LandmarksUITests.xctest */,
			);
			name = Products;
			sourceTree = "<group>";
		};
		667A9E2F28EFC5E90004A307 /* Preview Content */ = {
			isa = PBXGroup;
			children = (
				667A9E3028EFC5E90004A307 /* Preview Assets.xcassets */,
			);
			name = "Preview Content";
			path = "../Views/Landmarks/Preview Content";
			sourceTree = "<group>";
		};
		667A9E3928EFC5E90004A307 /* LandmarksTests */ = {
			isa = PBXGroup;
			children = (
				667A9E3A28EFC5E90004A307 /* LandmarksTests.swift */,
			);
			path = LandmarksTests;
			sourceTree = "<group>";
		};
		667A9E4328EFC5E90004A307 /* LandmarksUITests */ = {
			isa = PBXGroup;
			children = (
				667A9E4428EFC5E90004A307 /* LandmarksUITests.swift */,
				667A9E4628EFC5E90004A307 /* LandmarksUITestsLaunchTests.swift */,
			);
			path = LandmarksUITests;
			sourceTree = "<group>";
		};
		66D3F12F28EFFD15006FFBB3 /* Landmarks2 */ = {
			isa = PBXGroup;
			children = (
				667A9E2928EFC5E80004A307 /* LandmarksApp.swift */,
				667A9E5528EFCD4A0004A307 /* SiAppView.swift */,
				6677C0E228EFFA530076F770 /* Menu.swift */,
				667A9E5728EFD3800004A307 /* MapView.swift */,
				6677C0E428EFFC190076F770 /* ModelData.swift */,
				667A9E2D28EFC5E90004A307 /* Assets.xcassets */,
				667A9E2F28EFC5E90004A307 /* Preview Content */,
			);
			path = Landmarks2;
			sourceTree = "<group>";
		};
/* End PBXGroup section */

/* Begin PBXNativeTarget section */
		667A9E2528EFC5E80004A307 /* Landmarks */ = {
			isa = PBXNativeTarget;
			buildConfigurationList = 667A9E4A28EFC5E90004A307 /* Build configuration list for PBXNativeTarget "Landmarks" */;
			buildPhases = (
				667A9E2228EFC5E80004A307 /* Sources */,
				667A9E2328EFC5E80004A307 /* Frameworks */,
				667A9E2428EFC5E80004A307 /* Resources */,
			);
			buildRules = (
			);
			dependencies = (
			);
			name = Landmarks;
			productName = Landmarks;
			productReference = 667A9E2628EFC5E80004A307 /* Landmarks.app */;
			productType = "com.apple.product-type.application";
		};
		667A9E3528EFC5E90004A307 /* LandmarksTests */ = {
			isa = PBXNativeTarget;
			buildConfigurationList = 667A9E4D28EFC5E90004A307 /* Build configuration list for PBXNativeTarget "LandmarksTests" */;
			buildPhases = (
				667A9E3228EFC5E90004A307 /* Sources */,
				667A9E3328EFC5E90004A307 /* Frameworks */,
				667A9E3428EFC5E90004A307 /* Resources */,
			);
			buildRules = (
			);
			dependencies = (
				667A9E3828EFC5E90004A307 /* PBXTargetDependency */,
			);
			name = LandmarksTests;
			productName = LandmarksTests;
			productReference = 667A9E3628EFC5E90004A307 /* LandmarksTests.xctest */;
			productType = "com.apple.product-type.bundle.unit-test";
		};
		667A9E3F28EFC5E90004A307 /* LandmarksUITests */ = {
			isa = PBXNativeTarget;
			buildConfigurationList = 667A9E5028EFC5E90004A307 /* Build configuration list for PBXNativeTarget "LandmarksUITests" */;
			buildPhases = (
				667A9E3C28EFC5E90004A307 /* Sources */,
				667A9E3D28EFC5E90004A307 /* Frameworks */,
				667A9E3E28EFC5E90004A307 /* Resources */,
			);
			buildRules = (
			);
			dependencies = (
				667A9E4228EFC5E90004A307 /* PBXTargetDependency */,
			);
			name = LandmarksUITests;
			productName = LandmarksUITests;
			productReference = 667A9E4028EFC5E90004A307 /* LandmarksUITests.xctest */;
			productType = "com.apple.product-type.bundle.ui-testing";
		};
/* End PBXNativeTarget section */

/* Begin PBXProject section */
		667A9E1E28EFC5E80004A307 /* Project object */ = {
			isa = PBXProject;
			attributes = {
				BuildIndependentTargetsInParallel = 1;
				LastSwiftUpdateCheck = 1400;
				LastUpgradeCheck = 1400;
				TargetAttributes = {
					667A9E2528EFC5E80004A307 = {
						CreatedOnToolsVersion = 14.0.1;
					};
					667A9E3528EFC5E90004A307 = {
						CreatedOnToolsVersion = 14.0.1;
						TestTargetID = 667A9E2528EFC5E80004A307;
					};
					667A9E3F28EFC5E90004A307 = {
						CreatedOnToolsVersion = 14.0.1;
						TestTargetID = 667A9E2528EFC5E80004A307;
					};
				};
			};
			buildConfigurationList = 667A9E2128EFC5E80004A307 /* Build configuration list for PBXProject "Landmarks" */;
			compatibilityVersion = "Xcode 14.0";
			developmentRegion = en;
			hasScannedForEncodings = 0;
			knownRegions = (
				en,
				Base,
			);
			mainGroup = 667A9E1D28EFC5E80004A307;
			productRefGroup = 667A9E2728EFC5E80004A307 /* Products */;
			projectDirPath = "";
			projectRoot = "";
			targets = (
				667A9E2528EFC5E80004A307 /* Landmarks */,
				667A9E3528EFC5E90004A307 /* LandmarksTests */,
				667A9E3F28EFC5E90004A307 /* LandmarksUITests */,
			);
		};
/* End PBXProject section */

/* Begin PBXResourcesBuildPhase section */
		667A9E2428EFC5E80004A307 /* Resources */ = {
			isa = PBXResourcesBuildPhase;
			buildActionMask = 2147483647;
			files = (
				667A9E3128EFC5E90004A307 /* Preview Assets.xcassets in Resources */,
				667A9E2E28EFC5E90004A307 /* Assets.xcassets in Resources */,
			);
			runOnlyForDeploymentPostprocessing = 0;
		};
		667A9E3428EFC5E90004A307 /* Resources */ = {
			isa = PBXResourcesBuildPhase;
			buildActionMask = 2147483647;
			files = (
			);
			runOnlyForDeploymentPostprocessing = 0;
		};
		667A9E3E28EFC5E90004A307 /* Resources */ = {
			isa = PBXResourcesBuildPhase;
			buildActionMask = 2147483647;
			files = (
			);
			runOnlyForDeploymentPostprocessing = 0;
		};
/* End PBXResourcesBuildPhase section */

/* Begin PBXSourcesBuildPhase section */
		667A9E2228EFC5E80004A307 /* Sources */ = {
			isa = PBXSourcesBuildPhase;
			buildActionMask = 2147483647;
			files = (
				667A9E2C28EFC5E80004A307 /* ContentView.swift in Sources */,
				667A9E5828EFD3800004A307 /* MapView.swift in Sources */,
				667A9E2A28EFC5E80004A307 /* LandmarksApp.swift in Sources */,
				667A9E5628EFCD4A0004A307 /* SiAppView.swift in Sources */,
				6677C0E328EFFA530076F770 /* Menu.swift in Sources */,
				6677C0E528EFFC190076F770 /* ModelData.swift in Sources */,
			);
			runOnlyForDeploymentPostprocessing = 0;
		};
		667A9E3228EFC5E90004A307 /* Sources */ = {
			isa = PBXSourcesBuildPhase;
			buildActionMask = 2147483647;
			files = (
				667A9E3B28EFC5E90004A307 /* LandmarksTests.swift in Sources */,
			);
			runOnlyForDeploymentPostprocessing = 0;
		};
		667A9E3C28EFC5E90004A307 /* Sources */ = {
			isa = PBXSourcesBuildPhase;
			buildActionMask = 2147483647;
			files = (
				667A9E4728EFC5E90004A307 /* LandmarksUITestsLaunchTests.swift in Sources */,
				667A9E4528EFC5E90004A307 /* LandmarksUITests.swift in Sources */,
			);
			runOnlyForDeploymentPostprocessing = 0;
		};
/* End PBXSourcesBuildPhase section */

/* Begin PBXTargetDependency section */
		667A9E3828EFC5E90004A307 /* PBXTargetDependency */ = {
			isa = PBXTargetDependency;
			target = 667A9E2528EFC5E80004A307 /* Landmarks */;
			targetProxy = 667A9E3728EFC5E90004A307 /* PBXContainerItemProxy */;
		};
		667A9E4228EFC5E90004A307 /* PBXTargetDependency */ = {
			isa = PBXTargetDependency;
			target = 667A9E2528EFC5E80004A307 /* Landmarks */;
			targetProxy = 667A9E4128EFC5E90004A307 /* PBXContainerItemProxy */;
		};
/* End PBXTargetDependency section */

/* Begin XCBuildConfiguration section */
		667A9E4828EFC5E90004A307 /* Debug */ = {
			isa = XCBuildConfiguration;
			buildSettings = {
				ALWAYS_SEARCH_USER_PATHS = NO;
				CLANG_ANALYZER_NONNULL = YES;
				CLANG_ANALYZER_NUMBER_OBJECT_CONVERSION = YES_AGGRESSIVE;
				CLANG_CXX_LANGUAGE_STANDARD = "gnu++20";
				CLANG_ENABLE_MODULES = YES;
				CLANG_ENABLE_OBJC_ARC = YES;
				CLANG_ENABLE_OBJC_WEAK = YES;
				CLANG_WARN_BLOCK_CAPTURE_AUTORELEASING = YES;
				CLANG_WARN_BOOL_CONVERSION = YES;
				CLANG_WARN_COMMA = YES;
				CLANG_WARN_CONSTANT_CONVERSION = YES;
				CLANG_WARN_DEPRECATED_OBJC_IMPLEMENTATIONS = YES;
				CLANG_WARN_DIRECT_OBJC_ISA_USAGE = YES_ERROR;
				CLANG_WARN_DOCUMENTATION_COMMENTS = YES;
				CLANG_WARN_EMPTY_BODY = YES;
				CLANG_WARN_ENUM_CONVERSION = YES;
				CLANG_WARN_INFINITE_RECURSION = YES;
				CLANG_WARN_INT_CONVERSION = YES;
				CLANG_WARN_NON_LITERAL_NULL_CONVERSION = YES;
				CLANG_WARN_OBJC_IMPLICIT_RETAIN_SELF = YES;
				CLANG_WARN_OBJC_LITERAL_CONVERSION = YES;
				CLANG_WARN_OBJC_ROOT_CLASS = YES_ERROR;
				CLANG_WARN_QUOTED_INCLUDE_IN_FRAMEWORK_HEADER = YES;
				CLANG_WARN_RANGE_LOOP_ANALYSIS = YES;
				CLANG_WARN_STRICT_PROTOTYPES = YES;
				CLANG_WARN_SUSPICIOUS_MOVE = YES;
				CLANG_WARN_UNGUARDED_AVAILABILITY = YES_AGGRESSIVE;
				CLANG_WARN_UNREACHABLE_CODE = YES;
				CLANG_WARN__DUPLICATE_METHOD_MATCH = YES;
				COPY_PHASE_STRIP = NO;
				DEBUG_INFORMATION_FORMAT = dwarf;
				ENABLE_STRICT_OBJC_MSGSEND = YES;
				ENABLE_TESTABILITY = YES;
				GCC_C_LANGUAGE_STANDARD = gnu11;
				GCC_DYNAMIC_NO_PIC = NO;
				GCC_NO_COMMON_BLOCKS = YES;
				GCC_OPTIMIZATION_LEVEL = 0;
				GCC_PREPROCESSOR_DEFINITIONS = (
					"DEBUG=1",
					"$(inherited)",
				);
				GCC_WARN_64_TO_32_BIT_CONVERSION = YES;
				GCC_WARN_ABOUT_RETURN_TYPE = YES_ERROR;
				GCC_WARN_UNDECLARED_SELECTOR = YES;
				GCC_WARN_UNINITIALIZED_AUTOS = YES_AGGRESSIVE;
				GCC_WARN_UNUSED_FUNCTION = YES;
				GCC_WARN_UNUSED_VARIABLE = YES;
				IPHONEOS_DEPLOYMENT_TARGET = 16.0;
				MTL_ENABLE_DEBUG_INFO = INCLUDE_SOURCE;
				MTL_FAST_MATH = YES;
				ONLY_ACTIVE_ARCH = YES;
				SDKROOT = iphoneos;
				SWIFT_ACTIVE_COMPILATION_CONDITIONS = DEBUG;
				SWIFT_OPTIMIZATION_LEVEL = "-Onone";
			};
			name = Debug;
		};
		667A9E4928EFC5E90004A307 /* Release */ = {
			isa = XCBuildConfiguration;
			buildSettings = {
				ALWAYS_SEARCH_USER_PATHS = NO;
				CLANG_ANALYZER_NONNULL = YES;
				CLANG_ANALYZER_NUMBER_OBJECT_CONVERSION = YES_AGGRESSIVE;
				CLANG_CXX_LANGUAGE_STANDARD = "gnu++20";
				CLANG_ENABLE_MODULES = YES;
				CLANG_ENABLE_OBJC_ARC = YES;
				CLANG_ENABLE_OBJC_WEAK = YES;
				CLANG_WARN_BLOCK_CAPTURE_AUTORELEASING = YES;
				CLANG_WARN_BOOL_CONVERSION = YES;
				CLANG_WARN_COMMA = YES;
				CLANG_WARN_CONSTANT_CONVERSION = YES;
				CLANG_WARN_DEPRECATED_OBJC_IMPLEMENTATIONS = YES;
				CLANG_WARN_DIRECT_OBJC_ISA_USAGE = YES_ERROR;
				CLANG_WARN_DOCUMENTATION_COMMENTS = YES;
				CLANG_WARN_EMPTY_BODY = YES;
				CLANG_WARN_ENUM_CONVERSION = YES;
				CLANG_WARN_INFINITE_RECURSION = YES;
				CLANG_WARN_INT_CONVERSION = YES;
				CLANG_WARN_NON_LITERAL_NULL_CONVERSION = YES;
				CLANG_WARN_OBJC_IMPLICIT_RETAIN_SELF = YES;
				CLANG_WARN_OBJC_LITERAL_CONVERSION = YES;
				CLANG_WARN_OBJC_ROOT_CLASS = YES_ERROR;
				CLANG_WARN_QUOTED_INCLUDE_IN_FRAMEWORK_HEADER = YES;
				CLANG_WARN_RANGE_LOOP_ANALYSIS = YES;
				CLANG_WARN_STRICT_PROTOTYPES = YES;
				CLANG_WARN_SUSPICIOUS_MOVE = YES;
				CLANG_WARN_UNGUARDED_AVAILABILITY = YES_AGGRESSIVE;
				CLANG_WARN_UNREACHABLE_CODE = YES;
				CLANG_WARN__DUPLICATE_METHOD_MATCH = YES;
				COPY_PHASE_STRIP = NO;
				DEBUG_INFORMATION_FORMAT = "dwarf-with-dsym";
				ENABLE_NS_ASSERTIONS = NO;
				ENABLE_STRICT_OBJC_MSGSEND = YES;
				GCC_C_LANGUAGE_STANDARD = gnu11;
				GCC_NO_COMMON_BLOCKS = YES;
				GCC_WARN_64_TO_32_BIT_CONVERSION = YES;
				GCC_WARN_ABOUT_RETURN_TYPE = YES_ERROR;
				GCC_WARN_UNDECLARED_SELECTOR = YES;
				GCC_WARN_UNINITIALIZED_AUTOS = YES_AGGRESSIVE;
				GCC_WARN_UNUSED_FUNCTION = YES;
				GCC_WARN_UNUSED_VARIABLE = YES;
				IPHONEOS_DEPLOYMENT_TARGET = 16.0;
				MTL_ENABLE_DEBUG_INFO = NO;
				MTL_FAST_MATH = YES;
				SDKROOT = iphoneos;
				SWIFT_COMPILATION_MODE = wholemodule;
				SWIFT_OPTIMIZATION_LEVEL = "-O";
				VALIDATE_PRODUCT = YES;
			};
			name = Release;
		};
		667A9E4B28EFC5E90004A307 /* Debug */ = {
			isa = XCBuildConfiguration;
			buildSettings = {
				ASSETCATALOG_COMPILER_APPICON_NAME = AppIcon;
				ASSETCATALOG_COMPILER_GLOBAL_ACCENT_COLOR_NAME = AccentColor;
				CODE_SIGN_STYLE = Automatic;
				CURRENT_PROJECT_VERSION = 1;
				DEVELOPMENT_ASSET_PATHS = "\"Landmarks/Preview Content\"";
				DEVELOPMENT_TEAM = AVMB8F8Z68;
				ENABLE_PREVIEWS = YES;
				GENERATE_INFOPLIST_FILE = YES;
				INFOPLIST_KEY_UIApplicationSceneManifest_Generation = YES;
				INFOPLIST_KEY_UIApplicationSupportsIndirectInputEvents = YES;
				INFOPLIST_KEY_UILaunchScreen_Generation = YES;
				INFOPLIST_KEY_UISupportedInterfaceOrientations_iPad = "UIInterfaceOrientationPortrait UIInterfaceOrientationPortraitUpsideDown UIInterfaceOrientationLandscapeLeft UIInterfaceOrientationLandscapeRight";
				INFOPLIST_KEY_UISupportedInterfaceOrientations_iPhone = "UIInterfaceOrientationPortrait UIInterfaceOrientationLandscapeLeft UIInterfaceOrientationLandscapeRight";
				LD_RUNPATH_SEARCH_PATHS = (
					"$(inherited)",
					"@executable_path/Frameworks",
				);
				MARKETING_VERSION = 1.0;
				PRODUCT_BUNDLE_IDENTIFIER = Nap.Landmarks;
				PRODUCT_NAME = "$(TARGET_NAME)";
				SWIFT_EMIT_LOC_STRINGS = YES;
				SWIFT_VERSION = 5.0;
				TARGETED_DEVICE_FAMILY = "1,2";
			};
			name = Debug;
		};
		667A9E4C28EFC5E90004A307 /* Release */ = {
			isa = XCBuildConfiguration;
			buildSettings = {
				ASSETCATALOG_COMPILER_APPICON_NAME = AppIcon;
				ASSETCATALOG_COMPILER_GLOBAL_ACCENT_COLOR_NAME = AccentColor;
				CODE_SIGN_STYLE = Automatic;
				CURRENT_PROJECT_VERSION = 1;
				DEVELOPMENT_ASSET_PATHS = "\"Landmarks/Preview Content\"";
				DEVELOPMENT_TEAM = AVMB8F8Z68;
				ENABLE_PREVIEWS = YES;
				GENERATE_INFOPLIST_FILE = YES;
				INFOPLIST_KEY_UIApplicationSceneManifest_Generation = YES;
				INFOPLIST_KEY_UIApplicationSupportsIndirectInputEvents = YES;
				INFOPLIST_KEY_UILaunchScreen_Generation = YES;
				INFOPLIST_KEY_UISupportedInterfaceOrientations_iPad = "UIInterfaceOrientationPortrait UIInterfaceOrientationPortraitUpsideDown UIInterfaceOrientationLandscapeLeft UIInterfaceOrientationLandscapeRight";
				INFOPLIST_KEY_UISupportedInterfaceOrientations_iPhone = "UIInterfaceOrientationPortrait UIInterfaceOrientationLandscapeLeft UIInterfaceOrientationLandscapeRight";
				LD_RUNPATH_SEARCH_PATHS = (
					"$(inherited)",
					"@executable_path/Frameworks",
				);
				MARKETING_VERSION = 1.0;
				PRODUCT_BUNDLE_IDENTIFIER = Nap.Landmarks;
				PRODUCT_NAME = "$(TARGET_NAME)";
				SWIFT_EMIT_LOC_STRINGS = YES;
				SWIFT_VERSION = 5.0;
				TARGETED_DEVICE_FAMILY = "1,2";
			};
			name = Release;
		};
		667A9E4E28EFC5E90004A307 /* Debug */ = {
			isa = XCBuildConfiguration;
			buildSettings = {
				ALWAYS_EMBED_SWIFT_STANDARD_LIBRARIES = YES;
				BUNDLE_LOADER = "$(TEST_HOST)";
				CODE_SIGN_STYLE = Automatic;
				CURRENT_PROJECT_VERSION = 1;
				DEVELOPMENT_TEAM = AVMB8F8Z68;
				GENERATE_INFOPLIST_FILE = YES;
				IPHONEOS_DEPLOYMENT_TARGET = 16.0;
				MARKETING_VERSION = 1.0;
				PRODUCT_BUNDLE_IDENTIFIER = Nap.LandmarksTests;
				PRODUCT_NAME = "$(TARGET_NAME)";
				SWIFT_EMIT_LOC_STRINGS = NO;
				SWIFT_VERSION = 5.0;
				TARGETED_DEVICE_FAMILY = "1,2";
				TEST_HOST = "$(BUILT_PRODUCTS_DIR)/Landmarks.app/$(BUNDLE_EXECUTABLE_FOLDER_PATH)/Landmarks";
			};
			name = Debug;
		};
		667A9E4F28EFC5E90004A307 /* Release */ = {
			isa = XCBuildConfiguration;
			buildSettings = {
				ALWAYS_EMBED_SWIFT_STANDARD_LIBRARIES = YES;
				BUNDLE_LOADER = "$(TEST_HOST)";
				CODE_SIGN_STYLE = Automatic;
				CURRENT_PROJECT_VERSION = 1;
				DEVELOPMENT_TEAM = AVMB8F8Z68;
				GENERATE_INFOPLIST_FILE = YES;
				IPHONEOS_DEPLOYMENT_TARGET = 16.0;
				MARKETING_VERSION = 1.0;
				PRODUCT_BUNDLE_IDENTIFIER = Nap.LandmarksTests;
				PRODUCT_NAME = "$(TARGET_NAME)";
				SWIFT_EMIT_LOC_STRINGS = NO;
				SWIFT_VERSION = 5.0;
				TARGETED_DEVICE_FAMILY = "1,2";
				TEST_HOST = "$(BUILT_PRODUCTS_DIR)/Landmarks.app/$(BUNDLE_EXECUTABLE_FOLDER_PATH)/Landmarks";
			};
			name = Release;
		};
		667A9E5128EFC5E90004A307 /* Debug */ = {
			isa = XCBuildConfiguration;
			buildSettings = {
				ALWAYS_EMBED_SWIFT_STANDARD_LIBRARIES = YES;
				CODE_SIGN_STYLE = Automatic;
				CURRENT_PROJECT_VERSION = 1;
				DEVELOPMENT_TEAM = AVMB8F8Z68;
				GENERATE_INFOPLIST_FILE = YES;
				MARKETING_VERSION = 1.0;
				PRODUCT_BUNDLE_IDENTIFIER = Nap.LandmarksUITests;
				PRODUCT_NAME = "$(TARGET_NAME)";
				SWIFT_EMIT_LOC_STRINGS = NO;
				SWIFT_VERSION = 5.0;
				TARGETED_DEVICE_FAMILY = "1,2";
				TEST_TARGET_NAME = Landmarks;
			};
			name = Debug;
		};
		667A9E5228EFC5E90004A307 /* Release */ = {
			isa = XCBuildConfiguration;
			buildSettings = {
				ALWAYS_EMBED_SWIFT_STANDARD_LIBRARIES = YES;
				CODE_SIGN_STYLE = Automatic;
				CURRENT_PROJECT_VERSION = 1;
				DEVELOPMENT_TEAM = AVMB8F8Z68;
				GENERATE_INFOPLIST_FILE = YES;
				MARKETING_VERSION = 1.0;
				PRODUCT_BUNDLE_IDENTIFIER = Nap.LandmarksUITests;
				PRODUCT_NAME = "$(TARGET_NAME)";
				SWIFT_EMIT_LOC_STRINGS = NO;
				SWIFT_VERSION = 5.0;
				TARGETED_DEVICE_FAMILY = "1,2";
				TEST_TARGET_NAME = Landmarks;
			};
			name = Release;
		};
/* End XCBuildConfiguration section */

/* Begin XCConfigurationList section */
		667A9E2128EFC5E80004A307 /* Build configuration list for PBXProject "Landmarks" */ = {
			isa = XCConfigurationList;
			buildConfigurations = (
				667A9E4828EFC5E90004A307 /* Debug */,
				667A9E4928EFC5E90004A307 /* Release */,
			);
			defaultConfigurationIsVisible = 0;
			defaultConfigurationName = Release;
		};
		667A9E4A28EFC5E90004A307 /* Build configuration list for PBXNativeTarget "Landmarks" */ = {
			isa = XCConfigurationList;
			buildConfigurations = (
				667A9E4B28EFC5E90004A307 /* Debug */,
				667A9E4C28EFC5E90004A307 /* Release */,
			);
			defaultConfigurationIsVisible = 0;
			defaultConfigurationName = Release;
		};
		667A9E4D28EFC5E90004A307 /* Build configuration list for PBXNativeTarget "LandmarksTests" */ = {
			isa = XCConfigurationList;
			buildConfigurations = (
				667A9E4E28EFC5E90004A307 /* Debug */,
				667A9E4F28EFC5E90004A307 /* Release */,
			);
			defaultConfigurationIsVisible = 0;
			defaultConfigurationName = Release;
		};
		667A9E5028EFC5E90004A307 /* Build configuration list for PBXNativeTarget "LandmarksUITests" */ = {
			isa = XCConfigurationList;
			buildConfigurations = (
				667A9E5128EFC5E90004A307 /* Debug */,
				667A9E5228EFC5E90004A307 /* Release */,
			);
			defaultConfigurationIsVisible = 0;
			defaultConfigurationName = Release;
		};
/* End XCConfigurationList section */
	};
	rootObject = 667A9E1E28EFC5E80004A307 /* Project object */;
}
